
Microsoft Visual Studio Solution File, Format Version 12.00
# Visual Studio Version 16
VisualStudioVersion = 16.0.29519.181
MinimumVisualStudioVersion = 10.0.40219.1
Project("{8BC9CEB8-8B4A-11D0-8D11-00A0C91BC942}") = "MainProgram", "MainProgram\MainProgram.vcxproj", "{16F8CCCA-EEC4-42FC-A589-92F7D60747B7}"
	ProjectSection(ProjectDependencies) = postProject
		{7021E27D-BBDF-4D1C-8E60-36636194A0E8} = {7021E27D-BBDF-4D1C-8E60-36636194A0E8}
		{4FA08AB8-5294-42B8-9C6F-0A4EF20AFC6D} = {4FA08AB8-5294-42B8-9C6F-0A4EF20AFC6D}
	EndProjectSection
EndProject
Project("{8BC9CEB8-8B4A-11D0-8D11-00A0C91BC942}") = "Library1", "Library1\Library1.vcxproj", "{4FA08AB8-5294-42B8-9C6F-0A4EF20AFC6D}"
EndProject
Project("{8BC9CEB8-8B4A-11D0-8D11-00A0C91BC942}") = "Library2", "Library2\Library2.vcxproj", "{7021E27D-BBDF-4D1C-8E60-36636194A0E8}"
EndProject
Global
	GlobalSection(SolutionConfigurationPlatforms) = preSolution
		Debug|x64 = Debug|x64
		Debug|x86 = Debug|x86
		Release|x64 = Release|x64
		Release|x86 = Release|x86
	EndGlobalSection
	GlobalSection(ProjectConfigurationPlatforms) = postSolution
		{16F8CCCA-EEC4-42FC-A589-92F7D60747B7}.Debug|x64.ActiveCfg = Debug|x64
		{16F8CCCA-EEC4-42FC-A589-92F7D60747B7}.Debug|x64.Build.0 = Debug|x64
		{16F8CCCA-EEC4-42FC-A589-92F7D60747B7}.Debug|x86.ActiveCfg = Debug|Win32
		{16F8CCCA-EEC4-42FC-A589-92F7D60747B7}.Debug|x86.Build.0 = Debug|Win32
		{16F8CCCA-EEC4-42FC-A589-92F7D60747B7}.Release|x64.ActiveCfg = Release|x64
		{16F8CCCA-EEC4-42FC-A589-92F7D60747B7}.Release|x64.Build.0 = Release|x64
		{16F8CCCA-EEC4-42FC-A589-92F7D60747B7}.Release|x86.ActiveCfg = Release|Win32
		{16F8CCCA-EEC4-42FC-A589-92F7D60747B7}.Release|x86.Build.0 = Release|Win32
		{4FA08AB8-5294-42B8-9C6F-0A4EF20AFC6D}.Debug|x64.ActiveCfg = Debug|x64
		{4FA08AB8-5294-42B8-9C6F-0A4EF20AFC6D}.Debug|x64.Build.0 = Debug|x64
		{4FA08AB8-5294-42B8-9C6F-0A4EF20AFC6D}.Debug|x86.ActiveCfg = Debug|Win32
		{4FA08AB8-5294-42B8-9C6F-0A4EF20AFC6D}.Debug|x86.Build.0 = Debug|Win32
		{4FA08AB8-5294-42B8-9C6F-0A4EF20AFC6D}.Release|x64.ActiveCfg = Release|x64
		{4FA08AB8-5294-42B8-9C6F-0A4EF20AFC6D}.Release|x64.Build.0 = Release|x64
		{4FA08AB8-5294-42B8-9C6F-0A4EF20AFC6D}.Release|x86.ActiveCfg = Release|Win32
		{4FA08AB8-5294-42B8-9C6F-0A4EF20AFC6D}.Release|x86.Build.0 = Release|Win32
		{7021E27D-BBDF-4D1C-8E60-36636194A0E8}.Debug|x64.ActiveCfg = Debug|x64
		{7021E27D-BBDF-4D1C-8E60-36636194A0E8}.Debug|x64.Build.0 = Debug|x64
		{7021E27D-BBDF-4D1C-8E60-36636194A0E8}.Debug|x86.ActiveCfg = Debug|Win32
		{7021E27D-BBDF-4D1C-8E60-36636194A0E8}.Debug|x86.Build.0 = Debug|Win32
		{7021E27D-BBDF-4D1C-8E60-36636194A0E8}.Release|x64.ActiveCfg = Release|x64
		{7021E27D-BBDF-4D1C-8E60-36636194A0E8}.Release|x64.Build.0 = Release|x64
		{7021E27D-BBDF-4D1C-8E60-36636194A0E8}.Release|x86.ActiveCfg = Release|Win32
		{7021E27D-BBDF-4D1C-8E60-36636194A0E8}.Release|x86.Build.0 = Release|Win32
	EndGlobalSection
	GlobalSection(SolutionProperties) = preSolution
		HideSolutionNode = FALSE
	EndGlobalSection
	GlobalSection(ExtensibilityGlobals) = postSolution
		SolutionGuid = {18E454B4-6DAD-4BA0-8FB3-88E2E42E8497}
	EndGlobalSection
EndGlobal
